
Microsoft Visual Studio Solution File, Format Version 12.00
# Visual Studio Version 17
VisualStudioVersion = 17.5.33530.505
MinimumVisualStudioVersion = 10.0.40219.1
Project("{FAE04EC0-301F-11D3-BF4B-00C04F79EFBC}") = "Client", "PostgreTest\Client.csproj", "{E1BC549F-4BF6-43DD-9B7C-4C754F9FEFFC}"
EndProject
Project("{FAE04EC0-301F-11D3-BF4B-00C04F79EFBC}") = "Server", "Server\Server.csproj", "{83CC8E7A-5B80-4395-AF38-B1A5043EF514}"
EndProject
Global
	GlobalSection(SolutionConfigurationPlatforms) = preSolution
		Debug|Any CPU = Debug|Any CPU
		Release|Any CPU = Release|Any CPU
	EndGlobalSection
	GlobalSection(ProjectConfigurationPlatforms) = postSolution
		{E1BC549F-4BF6-43DD-9B7C-4C754F9FEFFC}.Debug|Any CPU.ActiveCfg = Debug|Any CPU
		{E1BC549F-4BF6-43DD-9B7C-4C754F9FEFFC}.Debug|Any CPU.Build.0 = Debug|Any CPU
		{E1BC549F-4BF6-43DD-9B7C-4C754F9FEFFC}.Release|Any CPU.ActiveCfg = Release|Any CPU
		{E1BC549F-4BF6-43DD-9B7C-4C754F9FEFFC}.Release|Any CPU.Build.0 = Release|Any CPU
		{83CC8E7A-5B80-4395-AF38-B1A5043EF514}.Debug|Any CPU.ActiveCfg = Debug|Any CPU
		{83CC8E7A-5B80-4395-AF38-B1A5043EF514}.Debug|Any CPU.Build.0 = Debug|Any CPU
		{83CC8E7A-5B80-4395-AF38-B1A5043EF514}.Release|Any CPU.ActiveCfg = Release|Any CPU
		{83CC8E7A-5B80-4395-AF38-B1A5043EF514}.Release|Any CPU.Build.0 = Release|Any CPU
	EndGlobalSection
	GlobalSection(SolutionProperties) = preSolution
		HideSolutionNode = FALSE
	EndGlobalSection
	GlobalSection(ExtensibilityGlobals) = postSolution
		SolutionGuid = {3E682EA6-C62C-4881-A441-5BD605669E3F}
	EndGlobalSection
EndGlobal
